// !$*UTF8*$!
{
	archiveVersion = 1;
	classes = {
	};
	objectVersion = 46;
	objects = {

/* Begin PBXBuildFile section */
		990693D81A408BEF004B5A04 /* ImageLoader.m in Sources */ = {isa = PBXBuildFile; fileRef = 990693D71A408BEF004B5A04 /* ImageLoader.m */; };
		990693E01A408F73004B5A04 /* QXBrowseCell.m in Sources */ = {isa = PBXBuildFile; fileRef = 990693DB1A408F73004B5A04 /* QXBrowseCell.m */; };
		990693E11A408F73004B5A04 /* QXBrowseModel.m in Sources */ = {isa = PBXBuildFile; fileRef = 990693DD1A408F73004B5A04 /* QXBrowseModel.m */; };
		990693E21A408F73004B5A04 /* QXBrowseVC.m in Sources */ = {isa = PBXBuildFile; fileRef = 990693DF1A408F73004B5A04 /* QXBrowseVC.m */; };
		9984E6461A41286D0086CE54 /* QXActivityView.m in Sources */ = {isa = PBXBuildFile; fileRef = 9984E6431A41286D0086CE54 /* QXActivityView.m */; };
		9984E6471A41286D0086CE54 /* QXHUDView.m in Sources */ = {isa = PBXBuildFile; fileRef = 9984E6451A41286D0086CE54 /* QXHUDView.m */; };
		99AB68F51A373CB4006E02B7 /* main.m in Sources */ = {isa = PBXBuildFile; fileRef = 99AB68F41A373CB4006E02B7 /* main.m */; };
		99AB68F81A373CB4006E02B7 /* AppDelegate.m in Sources */ = {isa = PBXBuildFile; fileRef = 99AB68F71A373CB4006E02B7 /* AppDelegate.m */; };
		99AB68FB1A373CB4006E02B7 /* ViewController.m in Sources */ = {isa = PBXBuildFile; fileRef = 99AB68FA1A373CB4006E02B7 /* ViewController.m */; };
		99AB68FE1A373CB4006E02B7 /* Main.storyboard in Resources */ = {isa = PBXBuildFile; fileRef = 99AB68FC1A373CB4006E02B7 /* Main.storyboard */; };
		99AB69001A373CB4006E02B7 /* Images.xcassets in Resources */ = {isa = PBXBuildFile; fileRef = 99AB68FF1A373CB4006E02B7 /* Images.xcassets */; };
		99AB69031A373CB4006E02B7 /* LaunchScreen.xib in Resources */ = {isa = PBXBuildFile; fileRef = 99AB69011A373CB4006E02B7 /* LaunchScreen.xib */; };
/* End PBXBuildFile section */

/* Begin PBXCopyFilesBuildPhase section */
		993445A71A3893B40066881A /* Embed App Extensions */ = {
			isa = PBXCopyFilesBuildPhase;
			buildActionMask = 2147483647;
			dstPath = "";
			dstSubfolderSpec = 13;
			files = (
			);
			name = "Embed App Extensions";
			runOnlyForDeploymentPostprocessing = 0;
		};
/* End PBXCopyFilesBuildPhase section */

/* Begin PBXFileReference section */
		990693D61A408BEF004B5A04 /* ImageLoader.h */ = {isa = PBXFileReference; fileEncoding = 4; lastKnownFileType = sourcecode.c.h; path = ImageLoader.h; sourceTree = "<group>"; };
		990693D71A408BEF004B5A04 /* ImageLoader.m */ = {isa = PBXFileReference; fileEncoding = 4; lastKnownFileType = sourcecode.c.objc; path = ImageLoader.m; sourceTree = "<group>"; };
		990693DA1A408F73004B5A04 /* QXBrowseCell.h */ = {isa = PBXFileReference; fileEncoding = 4; lastKnownFileType = sourcecode.c.h; path = QXBrowseCell.h; sourceTree = "<group>"; };
		990693DB1A408F73004B5A04 /* QXBrowseCell.m */ = {isa = PBXFileReference; fileEncoding = 4; lastKnownFileType = sourcecode.c.objc; path = QXBrowseCell.m; sourceTree = "<group>"; };
		990693DC1A408F73004B5A04 /* QXBrowseModel.h */ = {isa = PBXFileReference; fileEncoding = 4; lastKnownFileType = sourcecode.c.h; path = QXBrowseModel.h; sourceTree = "<group>"; };
		990693DD1A408F73004B5A04 /* QXBrowseModel.m */ = {isa = PBXFileReference; fileEncoding = 4; lastKnownFileType = sourcecode.c.objc; path = QXBrowseModel.m; sourceTree = "<group>"; };
		990693DE1A408F73004B5A04 /* QXBrowseVC.h */ = {isa = PBXFileReference; fileEncoding = 4; lastKnownFileType = sourcecode.c.h; path = QXBrowseVC.h; sourceTree = "<group>"; };
		990693DF1A408F73004B5A04 /* QXBrowseVC.m */ = {isa = PBXFileReference; fileEncoding = 4; lastKnownFileType = sourcecode.c.objc; path = QXBrowseVC.m; sourceTree = "<group>"; };
		9984E6421A41286D0086CE54 /* QXActivityView.h */ = {isa = PBXFileReference; fileEncoding = 4; lastKnownFileType = sourcecode.c.h; path = QXActivityView.h; sourceTree = "<group>"; };
		9984E6431A41286D0086CE54 /* QXActivityView.m */ = {isa = PBXFileReference; fileEncoding = 4; lastKnownFileType = sourcecode.c.objc; path = QXActivityView.m; sourceTree = "<group>"; };
		9984E6441A41286D0086CE54 /* QXHUDView.h */ = {isa = PBXFileReference; fileEncoding = 4; lastKnownFileType = sourcecode.c.h; path = QXHUDView.h; sourceTree = "<group>"; };
		9984E6451A41286D0086CE54 /* QXHUDView.m */ = {isa = PBXFileReference; fileEncoding = 4; lastKnownFileType = sourcecode.c.objc; path = QXHUDView.m; sourceTree = "<group>"; };
		99AB68EF1A373CB4006E02B7 /* QXImageBrowseModule.app */ = {isa = PBXFileReference; explicitFileType = wrapper.application; includeInIndex = 0; path = QXImageBrowseModule.app; sourceTree = BUILT_PRODUCTS_DIR; };
		99AB68F31A373CB4006E02B7 /* Info.plist */ = {isa = PBXFileReference; lastKnownFileType = text.plist.xml; path = Info.plist; sourceTree = "<group>"; };
		99AB68F41A373CB4006E02B7 /* main.m */ = {isa = PBXFileReference; lastKnownFileType = sourcecode.c.objc; path = main.m; sourceTree = "<group>"; };
		99AB68F61A373CB4006E02B7 /* AppDelegate.h */ = {isa = PBXFileReference; lastKnownFileType = sourcecode.c.h; path = AppDelegate.h; sourceTree = "<group>"; };
		99AB68F71A373CB4006E02B7 /* AppDelegate.m */ = {isa = PBXFileReference; lastKnownFileType = sourcecode.c.objc; path = AppDelegate.m; sourceTree = "<group>"; };
		99AB68F91A373CB4006E02B7 /* ViewController.h */ = {isa = PBXFileReference; lastKnownFileType = sourcecode.c.h; path = ViewController.h; sourceTree = "<group>"; };
		99AB68FA1A373CB4006E02B7 /* ViewController.m */ = {isa = PBXFileReference; lastKnownFileType = sourcecode.c.objc; path = ViewController.m; sourceTree = "<group>"; };
		99AB68FD1A373CB4006E02B7 /* Base */ = {isa = PBXFileReference; lastKnownFileType = file.storyboard; name = Base; path = Base.lproj/Main.storyboard; sourceTree = "<group>"; };
		99AB68FF1A373CB4006E02B7 /* Images.xcassets */ = {isa = PBXFileReference; lastKnownFileType = folder.assetcatalog; path = Images.xcassets; sourceTree = "<group>"; };
		99AB69021A373CB4006E02B7 /* Base */ = {isa = PBXFileReference; lastKnownFileType = file.xib; name = Base; path = Base.lproj/LaunchScreen.xib; sourceTree = "<group>"; };
/* End PBXFileReference section */

/* Begin PBXFrameworksBuildPhase section */
		99AB68EC1A373CB4006E02B7 /* Frameworks */ = {
			isa = PBXFrameworksBuildPhase;
			buildActionMask = 2147483647;
			files = (
			);
			runOnlyForDeploymentPostprocessing = 0;
		};
/* End PBXFrameworksBuildPhase section */

/* Begin PBXGroup section */
		990693D51A408BEF004B5A04 /* ImageLoader */ = {
			isa = PBXGroup;
			children = (
				990693D61A408BEF004B5A04 /* ImageLoader.h */,
				990693D71A408BEF004B5A04 /* ImageLoader.m */,
			);
			path = ImageLoader;
			sourceTree = "<group>";
		};
		990693D91A408F73004B5A04 /* QXImageBrowseModule */ = {
			isa = PBXGroup;
			children = (
				990693DA1A408F73004B5A04 /* QXBrowseCell.h */,
				990693DB1A408F73004B5A04 /* QXBrowseCell.m */,
				990693DC1A408F73004B5A04 /* QXBrowseModel.h */,
				990693DD1A408F73004B5A04 /* QXBrowseModel.m */,
				990693DE1A408F73004B5A04 /* QXBrowseVC.h */,
				990693DF1A408F73004B5A04 /* QXBrowseVC.m */,
			);
			path = QXImageBrowseModule;
			sourceTree = "<group>";
		};
		9984E6411A41286D0086CE54 /* HUD */ = {
			isa = PBXGroup;
			children = (
				9984E6421A41286D0086CE54 /* QXActivityView.h */,
				9984E6431A41286D0086CE54 /* QXActivityView.m */,
				9984E6441A41286D0086CE54 /* QXHUDView.h */,
				9984E6451A41286D0086CE54 /* QXHUDView.m */,
			);
			path = HUD;
			sourceTree = "<group>";
		};
		99AB68E61A373CB4006E02B7 = {
			isa = PBXGroup;
			children = (
				99AB68F11A373CB4006E02B7 /* QXImageBrowseModule */,
				99AB68F01A373CB4006E02B7 /* Products */,
			);
			sourceTree = "<group>";
		};
		99AB68F01A373CB4006E02B7 /* Products */ = {
			isa = PBXGroup;
			children = (
				99AB68EF1A373CB4006E02B7 /* QXImageBrowseModule.app */,
			);
			name = Products;
			sourceTree = "<group>";
		};
		99AB68F11A373CB4006E02B7 /* QXImageBrowseModule */ = {
			isa = PBXGroup;
			children = (
				9984E6411A41286D0086CE54 /* HUD */,
				990693D91A408F73004B5A04 /* QXImageBrowseModule */,
				990693D51A408BEF004B5A04 /* ImageLoader */,
				99AB68F61A373CB4006E02B7 /* AppDelegate.h */,
				99AB68F71A373CB4006E02B7 /* AppDelegate.m */,
				99AB68F91A373CB4006E02B7 /* ViewController.h */,
				99AB68FA1A373CB4006E02B7 /* ViewController.m */,
				99AB68FC1A373CB4006E02B7 /* Main.storyboard */,
				99AB68FF1A373CB4006E02B7 /* Images.xcassets */,
				99AB69011A373CB4006E02B7 /* LaunchScreen.xib */,
				99AB68F21A373CB4006E02B7 /* Supporting Files */,
			);
			path = QXImageBrowseModule;
			sourceTree = "<group>";
		};
		99AB68F21A373CB4006E02B7 /* Supporting Files */ = {
			isa = PBXGroup;
			children = (
				99AB68F31A373CB4006E02B7 /* Info.plist */,
				99AB68F41A373CB4006E02B7 /* main.m */,
			);
			name = "Supporting Files";
			sourceTree = "<group>";
		};
/* End PBXGroup section */

/* Begin PBXNativeTarget section */
		99AB68EE1A373CB4006E02B7 /* QXImageBrowseModule */ = {
			isa = PBXNativeTarget;
			buildConfigurationList = 99AB69121A373CB4006E02B7 /* Build configuration list for PBXNativeTarget "QXImageBrowseModule" */;
			buildPhases = (
				99AB68EB1A373CB4006E02B7 /* Sources */,
				99AB68EC1A373CB4006E02B7 /* Frameworks */,
				99AB68ED1A373CB4006E02B7 /* Resources */,
				993445A71A3893B40066881A /* Embed App Extensions */,
			);
			buildRules = (
			);
			dependencies = (
			);
			name = QXImageBrowseModule;
			productName = QXImageBrowseModule;
			productReference = 99AB68EF1A373CB4006E02B7 /* QXImageBrowseModule.app */;
			productType = "com.apple.product-type.application";
		};
/* End PBXNativeTarget section */

/* Begin PBXProject section */
		99AB68E71A373CB4006E02B7 /* Project object */ = {
			isa = PBXProject;
			attributes = {
				LastUpgradeCheck = 0610;
				ORGANIZATIONNAME = "亓鑫";
				TargetAttributes = {
					99AB68EE1A373CB4006E02B7 = {
						CreatedOnToolsVersion = 6.1.1;
					};
				};
			};
			buildConfigurationList = 99AB68EA1A373CB4006E02B7 /* Build configuration list for PBXProject "QXImageBrowseModule" */;
			compatibilityVersion = "Xcode 3.2";
			developmentRegion = English;
			hasScannedForEncodings = 0;
			knownRegions = (
				en,
				Base,
			);
			mainGroup = 99AB68E61A373CB4006E02B7;
			productRefGroup = 99AB68F01A373CB4006E02B7 /* Products */;
			projectDirPath = "";
			projectRoot = "";
			targets = (
				99AB68EE1A373CB4006E02B7 /* QXImageBrowseModule */,
			);
		};
/* End PBXProject section */

/* Begin PBXResourcesBuildPhase section */
		99AB68ED1A373CB4006E02B7 /* Resources */ = {
			isa = PBXResourcesBuildPhase;
			buildActionMask = 2147483647;
			files = (
				99AB68FE1A373CB4006E02B7 /* Main.storyboard in Resources */,
				99AB69031A373CB4006E02B7 /* LaunchScreen.xib in Resources */,
				99AB69001A373CB4006E02B7 /* Images.xcassets in Resources */,
			);
			runOnlyForDeploymentPostprocessing = 0;
		};
/* End PBXResourcesBuildPhase section */

/* Begin PBXSourcesBuildPhase section */
		99AB68EB1A373CB4006E02B7 /* Sources */ = {
			isa = PBXSourcesBuildPhase;
			buildActionMask = 2147483647;
			files = (
				990693E11A408F73004B5A04 /* QXBrowseModel.m in Sources */,
				990693E21A408F73004B5A04 /* QXBrowseVC.m in Sources */,
				990693D81A408BEF004B5A04 /* ImageLoader.m in Sources */,
				99AB68FB1A373CB4006E02B7 /* ViewController.m in Sources */,
				9984E6461A41286D0086CE54 /* QXActivityView.m in Sources */,
				99AB68F81A373CB4006E02B7 /* AppDelegate.m in Sources */,
				990693E01A408F73004B5A04 /* QXBrowseCell.m in Sources */,
				9984E6471A41286D0086CE54 /* QXHUDView.m in Sources */,
				99AB68F51A373CB4006E02B7 /* main.m in Sources */,
			);
			runOnlyForDeploymentPostprocessing = 0;
		};
/* End PBXSourcesBuildPhase section */

/* Begin PBXVariantGroup section */
		99AB68FC1A373CB4006E02B7 /* Main.storyboard */ = {
			isa = PBXVariantGroup;
			children = (
				99AB68FD1A373CB4006E02B7 /* Base */,
			);
			name = Main.storyboard;
			sourceTree = "<group>";
		};
		99AB69011A373CB4006E02B7 /* LaunchScreen.xib */ = {
			isa = PBXVariantGroup;
			children = (
				99AB69021A373CB4006E02B7 /* Base */,
			);
			name = LaunchScreen.xib;
			sourceTree = "<group>";
		};
/* End PBXVariantGroup section */

/* Begin XCBuildConfiguration section */
		99AB69101A373CB4006E02B7 /* Debug */ = {
			isa = XCBuildConfiguration;
			buildSettings = {
				ALWAYS_SEARCH_USER_PATHS = NO;
				CLANG_CXX_LANGUAGE_STANDARD = "gnu++0x";
				CLANG_CXX_LIBRARY = "libc++";
				CLANG_ENABLE_MODULES = YES;
				CLANG_ENABLE_OBJC_ARC = YES;
				CLANG_WARN_BOOL_CONVERSION = YES;
				CLANG_WARN_CONSTANT_CONVERSION = YES;
				CLANG_WARN_DIRECT_OBJC_ISA_USAGE = YES_ERROR;
				CLANG_WARN_EMPTY_BODY = YES;
				CLANG_WARN_ENUM_CONVERSION = YES;
				CLANG_WARN_INT_CONVERSION = YES;
				CLANG_WARN_OBJC_ROOT_CLASS = YES_ERROR;
				CLANG_WARN_UNREACHABLE_CODE = YES;
				CLANG_WARN__DUPLICATE_METHOD_MATCH = YES;
				"CODE_SIGN_IDENTITY[sdk=iphoneos*]" = "iPhone Developer";
				COPY_PHASE_STRIP = NO;
				ENABLE_STRICT_OBJC_MSGSEND = YES;
				GCC_C_LANGUAGE_STANDARD = gnu99;
				GCC_DYNAMIC_NO_PIC = NO;
				GCC_OPTIMIZATION_LEVEL = 0;
				GCC_PREPROCESSOR_DEFINITIONS = (
					"DEBUG=1",
					"$(inherited)",
				);
				GCC_SYMBOLS_PRIVATE_EXTERN = NO;
				GCC_WARN_64_TO_32_BIT_CONVERSION = YES;
				GCC_WARN_ABOUT_RETURN_TYPE = YES_ERROR;
				GCC_WARN_UNDECLARED_SELECTOR = YES;
				GCC_WARN_UNINITIALIZED_AUTOS = YES_AGGRESSIVE;
				GCC_WARN_UNUSED_FUNCTION = YES;
				GCC_WARN_UNUSED_VARIABLE = YES;
				IPHONEOS_DEPLOYMENT_TARGET = 6.0;
				MTL_ENABLE_DEBUG_INFO = YES;
				ONLY_ACTIVE_ARCH = YES;
				SDKROOT = iphoneos;
			};
			name = Debug;
		};
		99AB69111A373CB4006E02B7 /* Release */ = {
			isa = XCBuildConfiguration;
			buildSettings = {
				ALWAYS_SEARCH_USER_PATHS = NO;
				CLANG_CXX_LANGUAGE_STANDARD = "gnu++0x";
				CLANG_CXX_LIBRARY = "libc++";
				CLANG_ENABLE_MODULES = YES;
				CLANG_ENABLE_OBJC_ARC = YES;
				CLANG_WARN_BOOL_CONVERSION = YES;
				CLANG_WARN_CONSTANT_CONVERSION = YES;
				CLANG_WARN_DIRECT_OBJC_ISA_USAGE = YES_ERROR;
				CLANG_WARN_EMPTY_BODY = YES;
				CLANG_WARN_ENUM_CONVERSION = YES;
				CLANG_WARN_INT_CONVERSION = YES;
				CLANG_WARN_OBJC_ROOT_CLASS = YES_ERROR;
				CLANG_WARN_UNREACHABLE_CODE = YES;
				CLANG_WARN__DUPLICATE_METHOD_MATCH = YES;
				"CODE_SIGN_IDENTITY[sdk=iphoneos*]" = "iPhone Developer";
				COPY_PHASE_STRIP = YES;
				ENABLE_NS_ASSERTIONS = NO;
				ENABLE_STRICT_OBJC_MSGSEND = YES;
				GCC_C_LANGUAGE_STANDARD = gnu99;
				GCC_WARN_64_TO_32_BIT_CONVERSION = YES;
				GCC_WARN_ABOUT_RETURN_TYPE = YES_ERROR;
				GCC_WARN_UNDECLARED_SELECTOR = YES;
				GCC_WARN_UNINITIALIZED_AUTOS = YES_AGGRESSIVE;
				GCC_WARN_UNUSED_FUNCTION = YES;
				GCC_WARN_UNUSED_VARIABLE = YES;
				IPHONEOS_DEPLOYMENT_TARGET = 6.0;
				MTL_ENABLE_DEBUG_INFO = NO;
				SDKROOT = iphoneos;
				VALIDATE_PRODUCT = YES;
			};
			name = Release;
		};
		99AB69131A373CB4006E02B7 /* Debug */ = {
			isa = XCBuildConfiguration;
			buildSettings = {
				ASSETCATALOG_COMPILER_APPICON_NAME = AppIcon;
				INFOPLIST_FILE = QXImageBrowseModule/Info.plist;
				LD_RUNPATH_SEARCH_PATHS = "$(inherited) @executable_path/Frameworks";
				PRODUCT_NAME = "$(TARGET_NAME)";
			};
			name = Debug;
		};
		99AB69141A373CB4006E02B7 /* Release */ = {
			isa = XCBuildConfiguration;
			buildSettings = {
				ASSETCATALOG_COMPILER_APPICON_NAME = AppIcon;
				INFOPLIST_FILE = QXImageBrowseModule/Info.plist;
				LD_RUNPATH_SEARCH_PATHS = "$(inherited) @executable_path/Frameworks";
				PRODUCT_NAME = "$(TARGET_NAME)";
			};
			name = Release;
		};
/* End XCBuildConfiguration section */

/* Begin XCConfigurationList section */
		99AB68EA1A373CB4006E02B7 /* Build configuration list for PBXProject "QXImageBrowseModule" */ = {
			isa = XCConfigurationList;
			buildConfigurations = (
				99AB69101A373CB4006E02B7 /* Debug */,
				99AB69111A373CB4006E02B7 /* Release */,
			);
			defaultConfigurationIsVisible = 0;
			defaultConfigurationName = Release;
		};
		99AB69121A373CB4006E02B7 /* Build configuration list for PBXNativeTarget "QXImageBrowseModule" */ = {
			isa = XCConfigurationList;
			buildConfigurations = (
				99AB69131A373CB4006E02B7 /* Debug */,
				99AB69141A373CB4006E02B7 /* Release */,
			);
			defaultConfigurationIsVisible = 0;
			defaultConfigurationName = Release;
		};
/* End XCConfigurationList section */
	};
	rootObject = 99AB68E71A373CB4006E02B7 /* Project object */;
}
